// !$*UTF8*$!
{
	archiveVersion = 1;
	classes = {
	};
	objectVersion = 46;
	objects = {

/* Begin PBXBuildFile section */
		18CE577619AE2543005A93CA /* RecommendViewController.m in Sources */ = {isa = PBXBuildFile; fileRef = 18CE577419AE2543005A93CA /* RecommendViewController.m */; };
		18CE577719AE2543005A93CA /* RecommendViewController.xib in Resources */ = {isa = PBXBuildFile; fileRef = 18CE577519AE2543005A93CA /* RecommendViewController.xib */; };
		18CE577B19AE2559005A93CA /* CartViewController.m in Sources */ = {isa = PBXBuildFile; fileRef = 18CE577919AE2559005A93CA /* CartViewController.m */; };
		18CE577C19AE2559005A93CA /* CartViewController.xib in Resources */ = {isa = PBXBuildFile; fileRef = 18CE577A19AE2559005A93CA /* CartViewController.xib */; };
		18CE578019AE2568005A93CA /* ClassifyViewController.m in Sources */ = {isa = PBXBuildFile; fileRef = 18CE577E19AE2568005A93CA /* ClassifyViewController.m */; };
		18CE578119AE2568005A93CA /* ClassifyViewController.xib in Resources */ = {isa = PBXBuildFile; fileRef = 18CE577F19AE2568005A93CA /* ClassifyViewController.xib */; };
		18CE578919AE2589005A93CA /* FindViewController.m in Sources */ = {isa = PBXBuildFile; fileRef = 18CE578719AE2589005A93CA /* FindViewController.m */; };
		18CE578A19AE2589005A93CA /* FindViewController.xib in Resources */ = {isa = PBXBuildFile; fileRef = 18CE578819AE2589005A93CA /* FindViewController.xib */; };
		18CE578D19AE2634005A93CA /* GuideViewController.m in Sources */ = {isa = PBXBuildFile; fileRef = 18CE578C19AE2634005A93CA /* GuideViewController.m */; };
		18CE579119AE28CC005A93CA /* UserViewController.m in Sources */ = {isa = PBXBuildFile; fileRef = 18CE578F19AE28CC005A93CA /* UserViewController.m */; };
		18CE579219AE28CC005A93CA /* UserViewController.xib in Resources */ = {isa = PBXBuildFile; fileRef = 18CE579019AE28CC005A93CA /* UserViewController.xib */; };
		18D1873819AF8ADF00210824 /* BraCoverModel.m in Sources */ = {isa = PBXBuildFile; fileRef = 18D1873719AF8ADF00210824 /* BraCoverModel.m */; };
		18D1873B19AF8AED00210824 /* BraDetailModel.m in Sources */ = {isa = PBXBuildFile; fileRef = 18D1873A19AF8AED00210824 /* BraDetailModel.m */; };
		18D1873E19AF8B0A00210824 /* ClassifyItemModel.m in Sources */ = {isa = PBXBuildFile; fileRef = 18D1873D19AF8B0A00210824 /* ClassifyItemModel.m */; };
		18D1874119AF8B4000210824 /* UserInfoModel.m in Sources */ = {isa = PBXBuildFile; fileRef = 18D1874019AF8B4000210824 /* UserInfoModel.m */; };
		18D1874419AF8B5600210824 /* ShowChestModel.m in Sources */ = {isa = PBXBuildFile; fileRef = 18D1874319AF8B5600210824 /* ShowChestModel.m */; };
		18D1875F19AF8B8B00210824 /* ASIAuthenticationDialog.m in Sources */ = {isa = PBXBuildFile; fileRef = 18D1874819AF8B8B00210824 /* ASIAuthenticationDialog.m */; settings = {COMPILER_FLAGS = "-fno-objc-arc"; }; };
		18D1876019AF8B8B00210824 /* ASIDataCompressor.m in Sources */ = {isa = PBXBuildFile; fileRef = 18D1874B19AF8B8B00210824 /* ASIDataCompressor.m */; settings = {COMPILER_FLAGS = "-fno-objc-arc"; }; };
		18D1876119AF8B8B00210824 /* ASIDataDecompressor.m in Sources */ = {isa = PBXBuildFile; fileRef = 18D1874D19AF8B8B00210824 /* ASIDataDecompressor.m */; settings = {COMPILER_FLAGS = "-fno-objc-arc"; }; };
		18D1876219AF8B8B00210824 /* ASIDownloadCache.m in Sources */ = {isa = PBXBuildFile; fileRef = 18D1874F19AF8B8B00210824 /* ASIDownloadCache.m */; settings = {COMPILER_FLAGS = "-fno-objc-arc"; }; };
		18D1876319AF8B8B00210824 /* ASIFormDataRequest.m in Sources */ = {isa = PBXBuildFile; fileRef = 18D1875119AF8B8B00210824 /* ASIFormDataRequest.m */; settings = {COMPILER_FLAGS = "-fno-objc-arc"; }; };
		18D1876419AF8B8B00210824 /* ASIHTTPRequest.m in Sources */ = {isa = PBXBuildFile; fileRef = 18D1875319AF8B8B00210824 /* ASIHTTPRequest.m */; settings = {COMPILER_FLAGS = "-fno-objc-arc"; }; };
		18D1876519AF8B8B00210824 /* ASIInputStream.m in Sources */ = {isa = PBXBuildFile; fileRef = 18D1875719AF8B8B00210824 /* ASIInputStream.m */; settings = {COMPILER_FLAGS = "-fno-objc-arc"; }; };
		18D1876619AF8B8B00210824 /* ASINetworkQueue.m in Sources */ = {isa = PBXBuildFile; fileRef = 18D1875919AF8B8B00210824 /* ASINetworkQueue.m */; settings = {COMPILER_FLAGS = "-fno-objc-arc"; }; };
		18D1876A19AF8BAA00210824 /* HttpRequestFacade.m in Sources */ = {isa = PBXBuildFile; fileRef = 18D1876919AF8BAA00210824 /* HttpRequestFacade.m */; };
		18D1876C19AF8C2200210824 /* CFNetwork.framework in Frameworks */ = {isa = PBXBuildFile; fileRef = 18D1876B19AF8C2200210824 /* CFNetwork.framework */; };
		18D1876E19AF8C3700210824 /* SystemConfiguration.framework in Frameworks */ = {isa = PBXBuildFile; fileRef = 18D1876D19AF8C3700210824 /* SystemConfiguration.framework */; };
		18D1877019AF8C4100210824 /* MobileCoreServices.framework in Frameworks */ = {isa = PBXBuildFile; fileRef = 18D1876F19AF8C4100210824 /* MobileCoreServices.framework */; };
		18D1877219AF8C4B00210824 /* libz.dylib in Frameworks */ = {isa = PBXBuildFile; fileRef = 18D1877119AF8C4B00210824 /* libz.dylib */; };
		18D1877619AF8CE400210824 /* Reachability.m in Sources */ = {isa = PBXBuildFile; fileRef = 18D1877519AF8CE400210824 /* Reachability.m */; };
		18D1967A19B6B52000DF6AA9 /* BraListCollectionView.m in Sources */ = {isa = PBXBuildFile; fileRef = 18D1967919B6B52000DF6AA9 /* BraListCollectionView.m */; };
		18D1967D19B6B56200DF6AA9 /* BraListCollectionViewFlowLayout.m in Sources */ = {isa = PBXBuildFile; fileRef = 18D1967C19B6B56200DF6AA9 /* BraListCollectionViewFlowLayout.m */; };
		18D1968019B6BA1400DF6AA9 /* BraCoverCollectionViewCell.m in Sources */ = {isa = PBXBuildFile; fileRef = 18D1967F19B6BA1400DF6AA9 /* BraCoverCollectionViewCell.m */; };
		18D1968419B6BA8900DF6AA9 /* BraCoverCollectionViewCell.xib in Resources */ = {isa = PBXBuildFile; fileRef = 18D1968319B6BA8900DF6AA9 /* BraCoverCollectionViewCell.xib */; };
		18D1968B19B76FC800DF6AA9 /* XLCycleScrollView.m in Sources */ = {isa = PBXBuildFile; fileRef = 18D1968A19B76FC800DF6AA9 /* XLCycleScrollView.m */; settings = {COMPILER_FLAGS = "-fno-objc-arc"; }; };
		18D9772319B55CAB00F3818B /* CalculateCup.m in Sources */ = {isa = PBXBuildFile; fileRef = 18D9772219B55CAB00F3818B /* CalculateCup.m */; };
		18EDBEDE19ADE6D200CBAB2D /* Foundation.framework in Frameworks */ = {isa = PBXBuildFile; fileRef = 18EDBEDD19ADE6D200CBAB2D /* Foundation.framework */; };
		18EDBEE019ADE6D200CBAB2D /* CoreGraphics.framework in Frameworks */ = {isa = PBXBuildFile; fileRef = 18EDBEDF19ADE6D200CBAB2D /* CoreGraphics.framework */; };
		18EDBEE219ADE6D200CBAB2D /* UIKit.framework in Frameworks */ = {isa = PBXBuildFile; fileRef = 18EDBEE119ADE6D200CBAB2D /* UIKit.framework */; };
		18EDBEE819ADE6D200CBAB2D /* InfoPlist.strings in Resources */ = {isa = PBXBuildFile; fileRef = 18EDBEE619ADE6D200CBAB2D /* InfoPlist.strings */; };
		18EDBEEA19ADE6D200CBAB2D /* main.m in Sources */ = {isa = PBXBuildFile; fileRef = 18EDBEE919ADE6D200CBAB2D /* main.m */; };
		18EDBEEE19ADE6D200CBAB2D /* AppDelegate.m in Sources */ = {isa = PBXBuildFile; fileRef = 18EDBEED19ADE6D200CBAB2D /* AppDelegate.m */; };
		18EDBEF019ADE6D200CBAB2D /* Images.xcassets in Resources */ = {isa = PBXBuildFile; fileRef = 18EDBEEF19ADE6D200CBAB2D /* Images.xcassets */; };
		18EDBEF719ADE6D200CBAB2D /* XCTest.framework in Frameworks */ = {isa = PBXBuildFile; fileRef = 18EDBEF619ADE6D200CBAB2D /* XCTest.framework */; };
		18EDBEF819ADE6D200CBAB2D /* Foundation.framework in Frameworks */ = {isa = PBXBuildFile; fileRef = 18EDBEDD19ADE6D200CBAB2D /* Foundation.framework */; };
		18EDBEF919ADE6D200CBAB2D /* UIKit.framework in Frameworks */ = {isa = PBXBuildFile; fileRef = 18EDBEE119ADE6D200CBAB2D /* UIKit.framework */; };
		18EDBF0119ADE6D200CBAB2D /* InfoPlist.strings in Resources */ = {isa = PBXBuildFile; fileRef = 18EDBEFF19ADE6D200CBAB2D /* InfoPlist.strings */; };
		18EDBF0319ADE6D200CBAB2D /* CupupTests.m in Sources */ = {isa = PBXBuildFile; fileRef = 18EDBF0219ADE6D200CBAB2D /* CupupTests.m */; };
		6AAB7DDE19B01F7A00112ED2 /* UserInfoViewController.m in Sources */ = {isa = PBXBuildFile; fileRef = 6AAB7DDD19B01F7A00112ED2 /* UserInfoViewController.m */; };
		6AAB7DE219B0640D00112ED2 /* KnowOneSelfViewController.m in Sources */ = {isa = PBXBuildFile; fileRef = 6AAB7DE019B0640D00112ED2 /* KnowOneSelfViewController.m */; };
		6AAB7DE319B0640D00112ED2 /* KnowOneSelfViewController.xib in Resources */ = {isa = PBXBuildFile; fileRef = 6AAB7DE119B0640D00112ED2 /* KnowOneSelfViewController.xib */; };
		6AAB7DE719B0699200112ED2 /* KonwOneSelfTwoViewController.m in Sources */ = {isa = PBXBuildFile; fileRef = 6AAB7DE519B0699200112ED2 /* KonwOneSelfTwoViewController.m */; };
		6AAB7DE819B0699200112ED2 /* KonwOneSelfTwoViewController.xib in Resources */ = {isa = PBXBuildFile; fileRef = 6AAB7DE619B0699200112ED2 /* KonwOneSelfTwoViewController.xib */; };
		6AAB7DEC19B06C5600112ED2 /* KnowOneSelTwofViewController.m in Sources */ = {isa = PBXBuildFile; fileRef = 6AAB7DEA19B06C5600112ED2 /* KnowOneSelTwofViewController.m */; };
		6AAB7DED19B06C5600112ED2 /* KnowOneSelTwofViewController.xib in Resources */ = {isa = PBXBuildFile; fileRef = 6AAB7DEB19B06C5600112ED2 /* KnowOneSelTwofViewController.xib */; };
/* End PBXBuildFile section */

/* Begin PBXContainerItemProxy section */
		18EDBEFA19ADE6D200CBAB2D /* PBXContainerItemProxy */ = {
			isa = PBXContainerItemProxy;
			containerPortal = 18EDBED219ADE6D200CBAB2D /* Project object */;
			proxyType = 1;
			remoteGlobalIDString = 18EDBED919ADE6D200CBAB2D;
			remoteInfo = Cupup;
		};
/* End PBXContainerItemProxy section */

/* Begin PBXFileReference section */
		18CE577319AE2543005A93CA /* RecommendViewController.h */ = {isa = PBXFileReference; fileEncoding = 4; lastKnownFileType = sourcecode.c.h; path = RecommendViewController.h; sourceTree = "<group>"; };
		18CE577419AE2543005A93CA /* RecommendViewController.m */ = {isa = PBXFileReference; fileEncoding = 4; lastKnownFileType = sourcecode.c.objc; path = RecommendViewController.m; sourceTree = "<group>"; };
		18CE577519AE2543005A93CA /* RecommendViewController.xib */ = {isa = PBXFileReference; fileEncoding = 4; lastKnownFileType = file.xib; path = RecommendViewController.xib; sourceTree = "<group>"; };
		18CE577819AE2559005A93CA /* CartViewController.h */ = {isa = PBXFileReference; fileEncoding = 4; lastKnownFileType = sourcecode.c.h; path = CartViewController.h; sourceTree = "<group>"; };
		18CE577919AE2559005A93CA /* CartViewController.m */ = {isa = PBXFileReference; fileEncoding = 4; lastKnownFileType = sourcecode.c.objc; path = CartViewController.m; sourceTree = "<group>"; };
		18CE577A19AE2559005A93CA /* CartViewController.xib */ = {isa = PBXFileReference; fileEncoding = 4; lastKnownFileType = file.xib; path = CartViewController.xib; sourceTree = "<group>"; };
		18CE577D19AE2568005A93CA /* ClassifyViewController.h */ = {isa = PBXFileReference; fileEncoding = 4; lastKnownFileType = sourcecode.c.h; path = ClassifyViewController.h; sourceTree = "<group>"; };
		18CE577E19AE2568005A93CA /* ClassifyViewController.m */ = {isa = PBXFileReference; fileEncoding = 4; lastKnownFileType = sourcecode.c.objc; path = ClassifyViewController.m; sourceTree = "<group>"; };
		18CE577F19AE2568005A93CA /* ClassifyViewController.xib */ = {isa = PBXFileReference; fileEncoding = 4; lastKnownFileType = file.xib; path = ClassifyViewController.xib; sourceTree = "<group>"; };
		18CE578619AE2589005A93CA /* FindViewController.h */ = {isa = PBXFileReference; fileEncoding = 4; lastKnownFileType = sourcecode.c.h; path = FindViewController.h; sourceTree = "<group>"; };
		18CE578719AE2589005A93CA /* FindViewController.m */ = {isa = PBXFileReference; fileEncoding = 4; lastKnownFileType = sourcecode.c.objc; path = FindViewController.m; sourceTree = "<group>"; };
		18CE578819AE2589005A93CA /* FindViewController.xib */ = {isa = PBXFileReference; fileEncoding = 4; lastKnownFileType = file.xib; path = FindViewController.xib; sourceTree = "<group>"; };
		18CE578B19AE2634005A93CA /* GuideViewController.h */ = {isa = PBXFileReference; fileEncoding = 4; lastKnownFileType = sourcecode.c.h; path = GuideViewController.h; sourceTree = "<group>"; };
		18CE578C19AE2634005A93CA /* GuideViewController.m */ = {isa = PBXFileReference; fileEncoding = 4; lastKnownFileType = sourcecode.c.objc; path = GuideViewController.m; sourceTree = "<group>"; };
		18CE578E19AE28CC005A93CA /* UserViewController.h */ = {isa = PBXFileReference; fileEncoding = 4; lastKnownFileType = sourcecode.c.h; path = UserViewController.h; sourceTree = "<group>"; };
		18CE578F19AE28CC005A93CA /* UserViewController.m */ = {isa = PBXFileReference; fileEncoding = 4; lastKnownFileType = sourcecode.c.objc; path = UserViewController.m; sourceTree = "<group>"; };
		18CE579019AE28CC005A93CA /* UserViewController.xib */ = {isa = PBXFileReference; fileEncoding = 4; lastKnownFileType = file.xib; path = UserViewController.xib; sourceTree = "<group>"; };
		18D1873619AF8ADF00210824 /* BraCoverModel.h */ = {isa = PBXFileReference; fileEncoding = 4; lastKnownFileType = sourcecode.c.h; path = BraCoverModel.h; sourceTree = "<group>"; };
		18D1873719AF8ADF00210824 /* BraCoverModel.m */ = {isa = PBXFileReference; fileEncoding = 4; lastKnownFileType = sourcecode.c.objc; path = BraCoverModel.m; sourceTree = "<group>"; };
		18D1873919AF8AED00210824 /* BraDetailModel.h */ = {isa = PBXFileReference; fileEncoding = 4; lastKnownFileType = sourcecode.c.h; path = BraDetailModel.h; sourceTree = "<group>"; };
		18D1873A19AF8AED00210824 /* BraDetailModel.m */ = {isa = PBXFileReference; fileEncoding = 4; lastKnownFileType = sourcecode.c.objc; path = BraDetailModel.m; sourceTree = "<group>"; };
		18D1873C19AF8B0A00210824 /* ClassifyItemModel.h */ = {isa = PBXFileReference; fileEncoding = 4; lastKnownFileType = sourcecode.c.h; path = ClassifyItemModel.h; sourceTree = "<group>"; };
		18D1873D19AF8B0A00210824 /* ClassifyItemModel.m */ = {isa = PBXFileReference; fileEncoding = 4; lastKnownFileType = sourcecode.c.objc; path = ClassifyItemModel.m; sourceTree = "<group>"; };
		18D1873F19AF8B4000210824 /* UserInfoModel.h */ = {isa = PBXFileReference; fileEncoding = 4; lastKnownFileType = sourcecode.c.h; path = UserInfoModel.h; sourceTree = "<group>"; };
		18D1874019AF8B4000210824 /* UserInfoModel.m */ = {isa = PBXFileReference; fileEncoding = 4; lastKnownFileType = sourcecode.c.objc; path = UserInfoModel.m; sourceTree = "<group>"; };
		18D1874219AF8B5600210824 /* ShowChestModel.h */ = {isa = PBXFileReference; fileEncoding = 4; lastKnownFileType = sourcecode.c.h; path = ShowChestModel.h; sourceTree = "<group>"; };
		18D1874319AF8B5600210824 /* ShowChestModel.m */ = {isa = PBXFileReference; fileEncoding = 4; lastKnownFileType = sourcecode.c.objc; path = ShowChestModel.m; sourceTree = "<group>"; };
		18D1874719AF8B8B00210824 /* ASIAuthenticationDialog.h */ = {isa = PBXFileReference; fileEncoding = 4; lastKnownFileType = sourcecode.c.h; path = ASIAuthenticationDialog.h; sourceTree = "<group>"; };
		18D1874819AF8B8B00210824 /* ASIAuthenticationDialog.m */ = {isa = PBXFileReference; fileEncoding = 4; lastKnownFileType = sourcecode.c.objc; path = ASIAuthenticationDialog.m; sourceTree = "<group>"; };
		18D1874919AF8B8B00210824 /* ASICacheDelegate.h */ = {isa = PBXFileReference; fileEncoding = 4; lastKnownFileType = sourcecode.c.h; path = ASICacheDelegate.h; sourceTree = "<group>"; };
		18D1874A19AF8B8B00210824 /* ASIDataCompressor.h */ = {isa = PBXFileReference; fileEncoding = 4; lastKnownFileType = sourcecode.c.h; path = ASIDataCompressor.h; sourceTree = "<group>"; };
		18D1874B19AF8B8B00210824 /* ASIDataCompressor.m */ = {isa = PBXFileReference; fileEncoding = 4; lastKnownFileType = sourcecode.c.objc; path = ASIDataCompressor.m; sourceTree = "<group>"; };
		18D1874C19AF8B8B00210824 /* ASIDataDecompressor.h */ = {isa = PBXFileReference; fileEncoding = 4; lastKnownFileType = sourcecode.c.h; path = ASIDataDecompressor.h; sourceTree = "<group>"; };
		18D1874D19AF8B8B00210824 /* ASIDataDecompressor.m */ = {isa = PBXFileReference; fileEncoding = 4; lastKnownFileType = sourcecode.c.objc; path = ASIDataDecompressor.m; sourceTree = "<group>"; };
		18D1874E19AF8B8B00210824 /* ASIDownloadCache.h */ = {isa = PBXFileReference; fileEncoding = 4; lastKnownFileType = sourcecode.c.h; path = ASIDownloadCache.h; sourceTree = "<group>"; };
		18D1874F19AF8B8B00210824 /* ASIDownloadCache.m */ = {isa = PBXFileReference; fileEncoding = 4; lastKnownFileType = sourcecode.c.objc; path = ASIDownloadCache.m; sourceTree = "<group>"; };
		18D1875019AF8B8B00210824 /* ASIFormDataRequest.h */ = {isa = PBXFileReference; fileEncoding = 4; lastKnownFileType = sourcecode.c.h; path = ASIFormDataRequest.h; sourceTree = "<group>"; };
		18D1875119AF8B8B00210824 /* ASIFormDataRequest.m */ = {isa = PBXFileReference; fileEncoding = 4; lastKnownFileType = sourcecode.c.objc; path = ASIFormDataRequest.m; sourceTree = "<group>"; };
		18D1875219AF8B8B00210824 /* ASIHTTPRequest.h */ = {isa = PBXFileReference; fileEncoding = 4; lastKnownFileType = sourcecode.c.h; path = ASIHTTPRequest.h; sourceTree = "<group>"; };
		18D1875319AF8B8B00210824 /* ASIHTTPRequest.m */ = {isa = PBXFileReference; fileEncoding = 4; lastKnownFileType = sourcecode.c.objc; path = ASIHTTPRequest.m; sourceTree = "<group>"; };
		18D1875419AF8B8B00210824 /* ASIHTTPRequestConfig.h */ = {isa = PBXFileReference; fileEncoding = 4; lastKnownFileType = sourcecode.c.h; path = ASIHTTPRequestConfig.h; sourceTree = "<group>"; };
		18D1875519AF8B8B00210824 /* ASIHTTPRequestDelegate.h */ = {isa = PBXFileReference; fileEncoding = 4; lastKnownFileType = sourcecode.c.h; path = ASIHTTPRequestDelegate.h; sourceTree = "<group>"; };
		18D1875619AF8B8B00210824 /* ASIInputStream.h */ = {isa = PBXFileReference; fileEncoding = 4; lastKnownFileType = sourcecode.c.h; path = ASIInputStream.h; sourceTree = "<group>"; };
		18D1875719AF8B8B00210824 /* ASIInputStream.m */ = {isa = PBXFileReference; fileEncoding = 4; lastKnownFileType = sourcecode.c.objc; path = ASIInputStream.m; sourceTree = "<group>"; };
		18D1875819AF8B8B00210824 /* ASINetworkQueue.h */ = {isa = PBXFileReference; fileEncoding = 4; lastKnownFileType = sourcecode.c.h; path = ASINetworkQueue.h; sourceTree = "<group>"; };
		18D1875919AF8B8B00210824 /* ASINetworkQueue.m */ = {isa = PBXFileReference; fileEncoding = 4; lastKnownFileType = sourcecode.c.objc; path = ASINetworkQueue.m; sourceTree = "<group>"; };
		18D1875A19AF8B8B00210824 /* ASIProgressDelegate.h */ = {isa = PBXFileReference; fileEncoding = 4; lastKnownFileType = sourcecode.c.h; path = ASIProgressDelegate.h; sourceTree = "<group>"; };
		18D1876819AF8BAA00210824 /* HttpRequestFacade.h */ = {isa = PBXFileReference; fileEncoding = 4; lastKnownFileType = sourcecode.c.h; path = HttpRequestFacade.h; sourceTree = "<group>"; };
		18D1876919AF8BAA00210824 /* HttpRequestFacade.m */ = {isa = PBXFileReference; fileEncoding = 4; lastKnownFileType = sourcecode.c.objc; path = HttpRequestFacade.m; sourceTree = "<group>"; };
		18D1876B19AF8C2200210824 /* CFNetwork.framework */ = {isa = PBXFileReference; lastKnownFileType = wrapper.framework; name = CFNetwork.framework; path = System/Library/Frameworks/CFNetwork.framework; sourceTree = SDKROOT; };
		18D1876D19AF8C3700210824 /* SystemConfiguration.framework */ = {isa = PBXFileReference; lastKnownFileType = wrapper.framework; name = SystemConfiguration.framework; path = System/Library/Frameworks/SystemConfiguration.framework; sourceTree = SDKROOT; };
		18D1876F19AF8C4100210824 /* MobileCoreServices.framework */ = {isa = PBXFileReference; lastKnownFileType = wrapper.framework; name = MobileCoreServices.framework; path = System/Library/Frameworks/MobileCoreServices.framework; sourceTree = SDKROOT; };
		18D1877119AF8C4B00210824 /* libz.dylib */ = {isa = PBXFileReference; lastKnownFileType = "compiled.mach-o.dylib"; name = libz.dylib; path = usr/lib/libz.dylib; sourceTree = SDKROOT; };
		18D1877419AF8CE400210824 /* Reachability.h */ = {isa = PBXFileReference; fileEncoding = 4; lastKnownFileType = sourcecode.c.h; path = Reachability.h; sourceTree = "<group>"; };
		18D1877519AF8CE400210824 /* Reachability.m */ = {isa = PBXFileReference; fileEncoding = 4; lastKnownFileType = sourcecode.c.objc; path = Reachability.m; sourceTree = "<group>"; };
		18D1967819B6B52000DF6AA9 /* BraListCollectionView.h */ = {isa = PBXFileReference; fileEncoding = 4; lastKnownFileType = sourcecode.c.h; path = BraListCollectionView.h; sourceTree = "<group>"; };
		18D1967919B6B52000DF6AA9 /* BraListCollectionView.m */ = {isa = PBXFileReference; fileEncoding = 4; lastKnownFileType = sourcecode.c.objc; path = BraListCollectionView.m; sourceTree = "<group>"; };
		18D1967B19B6B56200DF6AA9 /* BraListCollectionViewFlowLayout.h */ = {isa = PBXFileReference; fileEncoding = 4; lastKnownFileType = sourcecode.c.h; path = BraListCollectionViewFlowLayout.h; sourceTree = "<group>"; };
		18D1967C19B6B56200DF6AA9 /* BraListCollectionViewFlowLayout.m */ = {isa = PBXFileReference; fileEncoding = 4; lastKnownFileType = sourcecode.c.objc; path = BraListCollectionViewFlowLayout.m; sourceTree = "<group>"; };
		18D1967E19B6BA1400DF6AA9 /* BraCoverCollectionViewCell.h */ = {isa = PBXFileReference; fileEncoding = 4; lastKnownFileType = sourcecode.c.h; path = BraCoverCollectionViewCell.h; sourceTree = "<group>"; };
		18D1967F19B6BA1400DF6AA9 /* BraCoverCollectionViewCell.m */ = {isa = PBXFileReference; fileEncoding = 4; lastKnownFileType = sourcecode.c.objc; path = BraCoverCollectionViewCell.m; sourceTree = "<group>"; };
		18D1968319B6BA8900DF6AA9 /* BraCoverCollectionViewCell.xib */ = {isa = PBXFileReference; fileEncoding = 4; lastKnownFileType = file.xib; path = BraCoverCollectionViewCell.xib; sourceTree = "<group>"; };
		18D1968919B76FC800DF6AA9 /* XLCycleScrollView.h */ = {isa = PBXFileReference; fileEncoding = 4; lastKnownFileType = sourcecode.c.h; path = XLCycleScrollView.h; sourceTree = "<group>"; };
		18D1968A19B76FC800DF6AA9 /* XLCycleScrollView.m */ = {isa = PBXFileReference; fileEncoding = 4; lastKnownFileType = sourcecode.c.objc; path = XLCycleScrollView.m; sourceTree = "<group>"; };
		18D1968C19B773D900DF6AA9 /* AppMacro.h */ = {isa = PBXFileReference; lastKnownFileType = sourcecode.c.h; path = AppMacro.h; sourceTree = "<group>"; };
		18D9772119B55CAB00F3818B /* CalculateCup.h */ = {isa = PBXFileReference; fileEncoding = 4; lastKnownFileType = sourcecode.c.h; path = CalculateCup.h; sourceTree = "<group>"; };
		18D9772219B55CAB00F3818B /* CalculateCup.m */ = {isa = PBXFileReference; fileEncoding = 4; lastKnownFileType = sourcecode.c.objc; path = CalculateCup.m; sourceTree = "<group>"; };
		18EDBEDA19ADE6D200CBAB2D /* Cupup.app */ = {isa = PBXFileReference; explicitFileType = wrapper.application; includeInIndex = 0; path = Cupup.app; sourceTree = BUILT_PRODUCTS_DIR; };
		18EDBEDD19ADE6D200CBAB2D /* Foundation.framework */ = {isa = PBXFileReference; lastKnownFileType = wrapper.framework; name = Foundation.framework; path = System/Library/Frameworks/Foundation.framework; sourceTree = SDKROOT; };
		18EDBEDF19ADE6D200CBAB2D /* CoreGraphics.framework */ = {isa = PBXFileReference; lastKnownFileType = wrapper.framework; name = CoreGraphics.framework; path = System/Library/Frameworks/CoreGraphics.framework; sourceTree = SDKROOT; };
		18EDBEE119ADE6D200CBAB2D /* UIKit.framework */ = {isa = PBXFileReference; lastKnownFileType = wrapper.framework; name = UIKit.framework; path = System/Library/Frameworks/UIKit.framework; sourceTree = SDKROOT; };
		18EDBEE519ADE6D200CBAB2D /* Cupup-Info.plist */ = {isa = PBXFileReference; lastKnownFileType = text.plist.xml; path = "Cupup-Info.plist"; sourceTree = "<group>"; };
		18EDBEE719ADE6D200CBAB2D /* en */ = {isa = PBXFileReference; lastKnownFileType = text.plist.strings; name = en; path = en.lproj/InfoPlist.strings; sourceTree = "<group>"; };
		18EDBEE919ADE6D200CBAB2D /* main.m */ = {isa = PBXFileReference; lastKnownFileType = sourcecode.c.objc; path = main.m; sourceTree = "<group>"; };
		18EDBEEB19ADE6D200CBAB2D /* Cupup-Prefix.pch */ = {isa = PBXFileReference; lastKnownFileType = sourcecode.c.h; path = "Cupup-Prefix.pch"; sourceTree = "<group>"; };
		18EDBEEC19ADE6D200CBAB2D /* AppDelegate.h */ = {isa = PBXFileReference; lastKnownFileType = sourcecode.c.h; path = AppDelegate.h; sourceTree = "<group>"; };
		18EDBEED19ADE6D200CBAB2D /* AppDelegate.m */ = {isa = PBXFileReference; lastKnownFileType = sourcecode.c.objc; path = AppDelegate.m; sourceTree = "<group>"; };
		18EDBEEF19ADE6D200CBAB2D /* Images.xcassets */ = {isa = PBXFileReference; lastKnownFileType = folder.assetcatalog; path = Images.xcassets; sourceTree = "<group>"; };
		18EDBEF519ADE6D200CBAB2D /* CupupTests.xctest */ = {isa = PBXFileReference; explicitFileType = wrapper.cfbundle; includeInIndex = 0; path = CupupTests.xctest; sourceTree = BUILT_PRODUCTS_DIR; };
		18EDBEF619ADE6D200CBAB2D /* XCTest.framework */ = {isa = PBXFileReference; lastKnownFileType = wrapper.framework; name = XCTest.framework; path = Library/Frameworks/XCTest.framework; sourceTree = DEVELOPER_DIR; };
		18EDBEFE19ADE6D200CBAB2D /* CupupTests-Info.plist */ = {isa = PBXFileReference; lastKnownFileType = text.plist.xml; path = "CupupTests-Info.plist"; sourceTree = "<group>"; };
		18EDBF0019ADE6D200CBAB2D /* en */ = {isa = PBXFileReference; lastKnownFileType = text.plist.strings; name = en; path = en.lproj/InfoPlist.strings; sourceTree = "<group>"; };
		18EDBF0219ADE6D200CBAB2D /* CupupTests.m */ = {isa = PBXFileReference; lastKnownFileType = sourcecode.c.objc; path = CupupTests.m; sourceTree = "<group>"; };
		6AAB7DDC19B01F7A00112ED2 /* UserInfoViewController.h */ = {isa = PBXFileReference; fileEncoding = 4; lastKnownFileType = sourcecode.c.h; path = UserInfoViewController.h; sourceTree = "<group>"; };
		6AAB7DDD19B01F7A00112ED2 /* UserInfoViewController.m */ = {isa = PBXFileReference; fileEncoding = 4; lastKnownFileType = sourcecode.c.objc; path = UserInfoViewController.m; sourceTree = "<group>"; };
		6AAB7DDF19B0640D00112ED2 /* KnowOneSelfViewController.h */ = {isa = PBXFileReference; fileEncoding = 4; lastKnownFileType = sourcecode.c.h; path = KnowOneSelfViewController.h; sourceTree = "<group>"; };
		6AAB7DE019B0640D00112ED2 /* KnowOneSelfViewController.m */ = {isa = PBXFileReference; fileEncoding = 4; lastKnownFileType = sourcecode.c.objc; path = KnowOneSelfViewController.m; sourceTree = "<group>"; };
		6AAB7DE119B0640D00112ED2 /* KnowOneSelfViewController.xib */ = {isa = PBXFileReference; fileEncoding = 4; lastKnownFileType = file.xib; path = KnowOneSelfViewController.xib; sourceTree = "<group>"; };
		6AAB7DE419B0699200112ED2 /* KonwOneSelfTwoViewController.h */ = {isa = PBXFileReference; fileEncoding = 4; lastKnownFileType = sourcecode.c.h; path = KonwOneSelfTwoViewController.h; sourceTree = "<group>"; };
		6AAB7DE519B0699200112ED2 /* KonwOneSelfTwoViewController.m */ = {isa = PBXFileReference; fileEncoding = 4; lastKnownFileType = sourcecode.c.objc; path = KonwOneSelfTwoViewController.m; sourceTree = "<group>"; };
		6AAB7DE619B0699200112ED2 /* KonwOneSelfTwoViewController.xib */ = {isa = PBXFileReference; fileEncoding = 4; lastKnownFileType = file.xib; path = KonwOneSelfTwoViewController.xib; sourceTree = "<group>"; };
		6AAB7DE919B06C5600112ED2 /* KnowOneSelTwofViewController.h */ = {isa = PBXFileReference; fileEncoding = 4; lastKnownFileType = sourcecode.c.h; path = KnowOneSelTwofViewController.h; sourceTree = "<group>"; };
		6AAB7DEA19B06C5600112ED2 /* KnowOneSelTwofViewController.m */ = {isa = PBXFileReference; fileEncoding = 4; lastKnownFileType = sourcecode.c.objc; path = KnowOneSelTwofViewController.m; sourceTree = "<group>"; };
		6AAB7DEB19B06C5600112ED2 /* KnowOneSelTwofViewController.xib */ = {isa = PBXFileReference; fileEncoding = 4; lastKnownFileType = file.xib; path = KnowOneSelTwofViewController.xib; sourceTree = "<group>"; };
/* End PBXFileReference section */

/* Begin PBXFrameworksBuildPhase section */
		18EDBED719ADE6D200CBAB2D /* Frameworks */ = {
			isa = PBXFrameworksBuildPhase;
			buildActionMask = 2147483647;
			files = (
				18D1877219AF8C4B00210824 /* libz.dylib in Frameworks */,
				18D1877019AF8C4100210824 /* MobileCoreServices.framework in Frameworks */,
				18D1876E19AF8C3700210824 /* SystemConfiguration.framework in Frameworks */,
				18D1876C19AF8C2200210824 /* CFNetwork.framework in Frameworks */,
				18EDBEE019ADE6D200CBAB2D /* CoreGraphics.framework in Frameworks */,
				18EDBEE219ADE6D200CBAB2D /* UIKit.framework in Frameworks */,
				18EDBEDE19ADE6D200CBAB2D /* Foundation.framework in Frameworks */,
			);
			runOnlyForDeploymentPostprocessing = 0;
		};
		18EDBEF219ADE6D200CBAB2D /* Frameworks */ = {
			isa = PBXFrameworksBuildPhase;
			buildActionMask = 2147483647;
			files = (
				18EDBEF719ADE6D200CBAB2D /* XCTest.framework in Frameworks */,
				18EDBEF919ADE6D200CBAB2D /* UIKit.framework in Frameworks */,
				18EDBEF819ADE6D200CBAB2D /* Foundation.framework in Frameworks */,
			);
			runOnlyForDeploymentPostprocessing = 0;
		};
/* End PBXFrameworksBuildPhase section */

/* Begin PBXGroup section */
		18CE576D19AE245A005A93CA /* find */ = {
			isa = PBXGroup;
			children = (
				18CE578619AE2589005A93CA /* FindViewController.h */,
				18CE578719AE2589005A93CA /* FindViewController.m */,
				18CE578819AE2589005A93CA /* FindViewController.xib */,
			);
			name = find;
			sourceTree = "<group>";
		};
		18CE576E19AE2469005A93CA /* user */ = {
			isa = PBXGroup;
			children = (
				18CE578E19AE28CC005A93CA /* UserViewController.h */,
				18CE578F19AE28CC005A93CA /* UserViewController.m */,
				18CE579019AE28CC005A93CA /* UserViewController.xib */,
				6AAB7DDC19B01F7A00112ED2 /* UserInfoViewController.h */,
				6AAB7DDD19B01F7A00112ED2 /* UserInfoViewController.m */,
				6AAB7DDF19B0640D00112ED2 /* KnowOneSelfViewController.h */,
				6AAB7DE019B0640D00112ED2 /* KnowOneSelfViewController.m */,
				6AAB7DE119B0640D00112ED2 /* KnowOneSelfViewController.xib */,
				6AAB7DE419B0699200112ED2 /* KonwOneSelfTwoViewController.h */,
				6AAB7DE519B0699200112ED2 /* KonwOneSelfTwoViewController.m */,
				6AAB7DE619B0699200112ED2 /* KonwOneSelfTwoViewController.xib */,
				6AAB7DE919B06C5600112ED2 /* KnowOneSelTwofViewController.h */,
				6AAB7DEA19B06C5600112ED2 /* KnowOneSelTwofViewController.m */,
				6AAB7DEB19B06C5600112ED2 /* KnowOneSelTwofViewController.xib */,
			);
			name = user;
			sourceTree = "<group>";
		};
		18CE576F19AE247A005A93CA /* classify */ = {
			isa = PBXGroup;
			children = (
				18CE577D19AE2568005A93CA /* ClassifyViewController.h */,
				18CE577E19AE2568005A93CA /* ClassifyViewController.m */,
				18CE577F19AE2568005A93CA /* ClassifyViewController.xib */,
			);
			name = classify;
			sourceTree = "<group>";
		};
		18CE577019AE24EC005A93CA /* cart */ = {
			isa = PBXGroup;
			children = (
				18CE577819AE2559005A93CA /* CartViewController.h */,
				18CE577919AE2559005A93CA /* CartViewController.m */,
				18CE577A19AE2559005A93CA /* CartViewController.xib */,
			);
			name = cart;
			sourceTree = "<group>";
		};
		18CE577119AE24F3005A93CA /* recommend */ = {
			isa = PBXGroup;
			children = (
				18CE577319AE2543005A93CA /* RecommendViewController.h */,
				18CE577419AE2543005A93CA /* RecommendViewController.m */,
				18CE577519AE2543005A93CA /* RecommendViewController.xib */,
				18D1967819B6B52000DF6AA9 /* BraListCollectionView.h */,
				18D1967919B6B52000DF6AA9 /* BraListCollectionView.m */,
				18D1967B19B6B56200DF6AA9 /* BraListCollectionViewFlowLayout.h */,
				18D1967C19B6B56200DF6AA9 /* BraListCollectionViewFlowLayout.m */,
				18D1967E19B6BA1400DF6AA9 /* BraCoverCollectionViewCell.h */,
				18D1967F19B6BA1400DF6AA9 /* BraCoverCollectionViewCell.m */,
				18D1968319B6BA8900DF6AA9 /* BraCoverCollectionViewCell.xib */,
			);
			name = recommend;
			sourceTree = "<group>";
		};
		18CE577219AE2526005A93CA /* controller */ = {
			isa = PBXGroup;
			children = (
				18CE577119AE24F3005A93CA /* recommend */,
				18CE577019AE24EC005A93CA /* cart */,
				18CE576F19AE247A005A93CA /* classify */,
				18CE576E19AE2469005A93CA /* user */,
				18CE576D19AE245A005A93CA /* find */,
				18CE578B19AE2634005A93CA /* GuideViewController.h */,
				18CE578C19AE2634005A93CA /* GuideViewController.m */,
			);
			name = controller;
			sourceTree = "<group>";
		};
		18CE579319AE2C6E005A93CA /* macro */ = {
			isa = PBXGroup;
			children = (
				18D1968C19B773D900DF6AA9 /* AppMacro.h */,
			);
			name = macro;
			sourceTree = "<group>";
		};
		18CE579719AE2C90005A93CA /* model */ = {
			isa = PBXGroup;
			children = (
				18D1873619AF8ADF00210824 /* BraCoverModel.h */,
				18D1873719AF8ADF00210824 /* BraCoverModel.m */,
				18D1873919AF8AED00210824 /* BraDetailModel.h */,
				18D1873A19AF8AED00210824 /* BraDetailModel.m */,
				18D1873C19AF8B0A00210824 /* ClassifyItemModel.h */,
				18D1873D19AF8B0A00210824 /* ClassifyItemModel.m */,
				18D1873F19AF8B4000210824 /* UserInfoModel.h */,
				18D1874019AF8B4000210824 /* UserInfoModel.m */,
				18D1874219AF8B5600210824 /* ShowChestModel.h */,
				18D1874319AF8B5600210824 /* ShowChestModel.m */,
			);
			name = model;
			sourceTree = "<group>";
		};
		18D1874519AF8B7700210824 /* third */ = {
			isa = PBXGroup;
			children = (
				18D1968819B76FC800DF6AA9 /* XLCycleScrollView */,
				18D1876719AF8BAA00210824 /* HttpRequestFacade */,
				18D1874619AF8B8B00210824 /* ASIHttpRequest */,
			);
			name = third;
			path = ..;
			sourceTree = "<group>";
		};
		18D1874619AF8B8B00210824 /* ASIHttpRequest */ = {
			isa = PBXGroup;
			children = (
				18D1874719AF8B8B00210824 /* ASIAuthenticationDialog.h */,
				18D1874819AF8B8B00210824 /* ASIAuthenticationDialog.m */,
				18D1874919AF8B8B00210824 /* ASICacheDelegate.h */,
				18D1874A19AF8B8B00210824 /* ASIDataCompressor.h */,
				18D1874B19AF8B8B00210824 /* ASIDataCompressor.m */,
				18D1874C19AF8B8B00210824 /* ASIDataDecompressor.h */,
				18D1874D19AF8B8B00210824 /* ASIDataDecompressor.m */,
				18D1874E19AF8B8B00210824 /* ASIDownloadCache.h */,
				18D1874F19AF8B8B00210824 /* ASIDownloadCache.m */,
				18D1875019AF8B8B00210824 /* ASIFormDataRequest.h */,
				18D1875119AF8B8B00210824 /* ASIFormDataRequest.m */,
				18D1875219AF8B8B00210824 /* ASIHTTPRequest.h */,
				18D1875319AF8B8B00210824 /* ASIHTTPRequest.m */,
				18D1875419AF8B8B00210824 /* ASIHTTPRequestConfig.h */,
				18D1875519AF8B8B00210824 /* ASIHTTPRequestDelegate.h */,
				18D1875619AF8B8B00210824 /* ASIInputStream.h */,
				18D1875719AF8B8B00210824 /* ASIInputStream.m */,
				18D1875819AF8B8B00210824 /* ASINetworkQueue.h */,
				18D1875919AF8B8B00210824 /* ASINetworkQueue.m */,
				18D1875A19AF8B8B00210824 /* ASIProgressDelegate.h */,
				18D1875B19AF8B8B00210824 /* ASIWebPageRequest */,
				18D1875C19AF8B8B00210824 /* CloudFiles */,
				18D1875D19AF8B8B00210824 /* S3 */,
				18D1875E19AF8B8B00210824 /* Tests */,
			);
			path = ASIHttpRequest;
			sourceTree = "<group>";
		};
		18D1875B19AF8B8B00210824 /* ASIWebPageRequest */ = {
			isa = PBXGroup;
			children = (
			);
			path = ASIWebPageRequest;
			sourceTree = "<group>";
		};
		18D1875C19AF8B8B00210824 /* CloudFiles */ = {
			isa = PBXGroup;
			children = (
			);
			path = CloudFiles;
			sourceTree = "<group>";
		};
		18D1875D19AF8B8B00210824 /* S3 */ = {
			isa = PBXGroup;
			children = (
			);
			path = S3;
			sourceTree = "<group>";
		};
		18D1875E19AF8B8B00210824 /* Tests */ = {
			isa = PBXGroup;
			children = (
			);
			path = Tests;
			sourceTree = "<group>";
		};
		18D1876719AF8BAA00210824 /* HttpRequestFacade */ = {
			isa = PBXGroup;
			children = (
				18D1876819AF8BAA00210824 /* HttpRequestFacade.h */,
				18D1876919AF8BAA00210824 /* HttpRequestFacade.m */,
			);
			path = HttpRequestFacade;
			sourceTree = "<group>";
		};
		18D1877319AF8CE400210824 /* Reachability */ = {
			isa = PBXGroup;
			children = (
				18D1877419AF8CE400210824 /* Reachability.h */,
				18D1877519AF8CE400210824 /* Reachability.m */,
			);
			path = Reachability;
			sourceTree = "<group>";
		};
		18D1968819B76FC800DF6AA9 /* XLCycleScrollView */ = {
			isa = PBXGroup;
			children = (
				18D1968919B76FC800DF6AA9 /* XLCycleScrollView.h */,
				18D1968A19B76FC800DF6AA9 /* XLCycleScrollView.m */,
			);
			path = XLCycleScrollView;
			sourceTree = "<group>";
		};
		18D9772019B55C7E00F3818B /* action */ = {
			isa = PBXGroup;
			children = (
				18D9772119B55CAB00F3818B /* CalculateCup.h */,
				18D9772219B55CAB00F3818B /* CalculateCup.m */,
			);
			name = action;
			sourceTree = "<group>";
		};
		18EDBED119ADE6D200CBAB2D = {
			isa = PBXGroup;
			children = (
				18EDBEE319ADE6D200CBAB2D /* Cupup */,
				18EDBEFC19ADE6D200CBAB2D /* CupupTests */,
				18EDBEDC19ADE6D200CBAB2D /* Frameworks */,
				18EDBEDB19ADE6D200CBAB2D /* Products */,
			);
			sourceTree = "<group>";
		};
		18EDBEDB19ADE6D200CBAB2D /* Products */ = {
			isa = PBXGroup;
			children = (
				18EDBEDA19ADE6D200CBAB2D /* Cupup.app */,
				18EDBEF519ADE6D200CBAB2D /* CupupTests.xctest */,
			);
			name = Products;
			sourceTree = "<group>";
		};
		18EDBEDC19ADE6D200CBAB2D /* Frameworks */ = {
			isa = PBXGroup;
			children = (
				18D1877119AF8C4B00210824 /* libz.dylib */,
				18D1876F19AF8C4100210824 /* MobileCoreServices.framework */,
				18D1876D19AF8C3700210824 /* SystemConfiguration.framework */,
				18D1876B19AF8C2200210824 /* CFNetwork.framework */,
				18EDBEDD19ADE6D200CBAB2D /* Foundation.framework */,
				18EDBEDF19ADE6D200CBAB2D /* CoreGraphics.framework */,
				18EDBEE119ADE6D200CBAB2D /* UIKit.framework */,
				18EDBEF619ADE6D200CBAB2D /* XCTest.framework */,
			);
			name = Frameworks;
			sourceTree = "<group>";
		};
		18EDBEE319ADE6D200CBAB2D /* Cupup */ = {
			isa = PBXGroup;
			children = (
				18D9772019B55C7E00F3818B /* action */,
				18D1877319AF8CE400210824 /* Reachability */,
				18D1874519AF8B7700210824 /* third */,
				18CE579719AE2C90005A93CA /* model */,
				18CE579319AE2C6E005A93CA /* macro */,
				18CE577219AE2526005A93CA /* controller */,
				18EDBEEC19ADE6D200CBAB2D /* AppDelegate.h */,
				18EDBEED19ADE6D200CBAB2D /* AppDelegate.m */,
				18EDBEEF19ADE6D200CBAB2D /* Images.xcassets */,
				18EDBEE419ADE6D200CBAB2D /* Supporting Files */,
			);
			path = Cupup;
			sourceTree = "<group>";
		};
		18EDBEE419ADE6D200CBAB2D /* Supporting Files */ = {
			isa = PBXGroup;
			children = (
				18EDBEE519ADE6D200CBAB2D /* Cupup-Info.plist */,
				18EDBEE619ADE6D200CBAB2D /* InfoPlist.strings */,
				18EDBEE919ADE6D200CBAB2D /* main.m */,
				18EDBEEB19ADE6D200CBAB2D /* Cupup-Prefix.pch */,
			);
			name = "Supporting Files";
			sourceTree = "<group>";
		};
		18EDBEFC19ADE6D200CBAB2D /* CupupTests */ = {
			isa = PBXGroup;
			children = (
				18EDBF0219ADE6D200CBAB2D /* CupupTests.m */,
				18EDBEFD19ADE6D200CBAB2D /* Supporting Files */,
			);
			path = CupupTests;
			sourceTree = "<group>";
		};
		18EDBEFD19ADE6D200CBAB2D /* Supporting Files */ = {
			isa = PBXGroup;
			children = (
				18EDBEFE19ADE6D200CBAB2D /* CupupTests-Info.plist */,
				18EDBEFF19ADE6D200CBAB2D /* InfoPlist.strings */,
			);
			name = "Supporting Files";
			sourceTree = "<group>";
		};
/* End PBXGroup section */

/* Begin PBXNativeTarget section */
		18EDBED919ADE6D200CBAB2D /* Cupup */ = {
			isa = PBXNativeTarget;
			buildConfigurationList = 18EDBF0619ADE6D200CBAB2D /* Build configuration list for PBXNativeTarget "Cupup" */;
			buildPhases = (
				18EDBED619ADE6D200CBAB2D /* Sources */,
				18EDBED719ADE6D200CBAB2D /* Frameworks */,
				18EDBED819ADE6D200CBAB2D /* Resources */,
			);
			buildRules = (
			);
			dependencies = (
			);
			name = Cupup;
			productName = Cupup;
			productReference = 18EDBEDA19ADE6D200CBAB2D /* Cupup.app */;
			productType = "com.apple.product-type.application";
		};
		18EDBEF419ADE6D200CBAB2D /* CupupTests */ = {
			isa = PBXNativeTarget;
			buildConfigurationList = 18EDBF0919ADE6D200CBAB2D /* Build configuration list for PBXNativeTarget "CupupTests" */;
			buildPhases = (
				18EDBEF119ADE6D200CBAB2D /* Sources */,
				18EDBEF219ADE6D200CBAB2D /* Frameworks */,
				18EDBEF319ADE6D200CBAB2D /* Resources */,
			);
			buildRules = (
			);
			dependencies = (
				18EDBEFB19ADE6D200CBAB2D /* PBXTargetDependency */,
			);
			name = CupupTests;
			productName = CupupTests;
			productReference = 18EDBEF519ADE6D200CBAB2D /* CupupTests.xctest */;
			productType = "com.apple.product-type.bundle.unit-test";
		};
/* End PBXNativeTarget section */

/* Begin PBXProject section */
		18EDBED219ADE6D200CBAB2D /* Project object */ = {
			isa = PBXProject;
			attributes = {
				LastUpgradeCheck = 0510;
				ORGANIZATIONNAME = aypc;
				TargetAttributes = {
					18EDBEF419ADE6D200CBAB2D = {
						TestTargetID = 18EDBED919ADE6D200CBAB2D;
					};
				};
			};
			buildConfigurationList = 18EDBED519ADE6D200CBAB2D /* Build configuration list for PBXProject "Cupup" */;
			compatibilityVersion = "Xcode 3.2";
			developmentRegion = English;
			hasScannedForEncodings = 0;
			knownRegions = (
				en,
			);
			mainGroup = 18EDBED119ADE6D200CBAB2D;
			productRefGroup = 18EDBEDB19ADE6D200CBAB2D /* Products */;
			projectDirPath = "";
			projectRoot = "";
			targets = (
				18EDBED919ADE6D200CBAB2D /* Cupup */,
				18EDBEF419ADE6D200CBAB2D /* CupupTests */,
			);
		};
/* End PBXProject section */

/* Begin PBXResourcesBuildPhase section */
		18EDBED819ADE6D200CBAB2D /* Resources */ = {
			isa = PBXResourcesBuildPhase;
			buildActionMask = 2147483647;
			files = (
				6AAB7DE319B0640D00112ED2 /* KnowOneSelfViewController.xib in Resources */,
				18CE579219AE28CC005A93CA /* UserViewController.xib in Resources */,
				6AAB7DED19B06C5600112ED2 /* KnowOneSelTwofViewController.xib in Resources */,
				18CE577C19AE2559005A93CA /* CartViewController.xib in Resources */,
				18CE578A19AE2589005A93CA /* FindViewController.xib in Resources */,
				18EDBEE819ADE6D200CBAB2D /* InfoPlist.strings in Resources */,
				18D1968419B6BA8900DF6AA9 /* BraCoverCollectionViewCell.xib in Resources */,
				18EDBEF019ADE6D200CBAB2D /* Images.xcassets in Resources */,
				18CE578119AE2568005A93CA /* ClassifyViewController.xib in Resources */,
				6AAB7DE819B0699200112ED2 /* KonwOneSelfTwoViewController.xib in Resources */,
				18CE577719AE2543005A93CA /* RecommendViewController.xib in Resources */,
			);
			runOnlyForDeploymentPostprocessing = 0;
		};
		18EDBEF319ADE6D200CBAB2D /* Resources */ = {
			isa = PBXResourcesBuildPhase;
			buildActionMask = 2147483647;
			files = (
				18EDBF0119ADE6D200CBAB2D /* InfoPlist.strings in Resources */,
			);
			runOnlyForDeploymentPostprocessing = 0;
		};
/* End PBXResourcesBuildPhase section */

/* Begin PBXSourcesBuildPhase section */
		18EDBED619ADE6D200CBAB2D /* Sources */ = {
			isa = PBXSourcesBuildPhase;
			buildActionMask = 2147483647;
			files = (
				18D1873B19AF8AED00210824 /* BraDetailModel.m in Sources */,
				18D1876119AF8B8B00210824 /* ASIDataDecompressor.m in Sources */,
				18D1967A19B6B52000DF6AA9 /* BraListCollectionView.m in Sources */,
				18CE577B19AE2559005A93CA /* CartViewController.m in Sources */,
				18D1876019AF8B8B00210824 /* ASIDataCompressor.m in Sources */,
				6AAB7DE219B0640D00112ED2 /* KnowOneSelfViewController.m in Sources */,
				6AAB7DE719B0699200112ED2 /* KonwOneSelfTwoViewController.m in Sources */,
				18D1874119AF8B4000210824 /* UserInfoModel.m in Sources */,
				18D1876A19AF8BAA00210824 /* HttpRequestFacade.m in Sources */,
				18D1876319AF8B8B00210824 /* ASIFormDataRequest.m in Sources */,
				18CE578019AE2568005A93CA /* ClassifyViewController.m in Sources */,
				18D1876619AF8B8B00210824 /* ASINetworkQueue.m in Sources */,
				18D1877619AF8CE400210824 /* Reachability.m in Sources */,
				6AAB7DEC19B06C5600112ED2 /* KnowOneSelTwofViewController.m in Sources */,
				18D1968B19B76FC800DF6AA9 /* XLCycleScrollView.m in Sources */,
				18D9772319B55CAB00F3818B /* CalculateCup.m in Sources */,
				18D1873E19AF8B0A00210824 /* ClassifyItemModel.m in Sources */,
				18D1873819AF8ADF00210824 /* BraCoverModel.m in Sources */,
				18D1968019B6BA1400DF6AA9 /* BraCoverCollectionViewCell.m in Sources */,
				18D1875F19AF8B8B00210824 /* ASIAuthenticationDialog.m in Sources */,
				18D1967D19B6B56200DF6AA9 /* BraListCollectionViewFlowLayout.m in Sources */,
				18EDBEEE19ADE6D200CBAB2D /* AppDelegate.m in Sources */,
				18EDBEEA19ADE6D200CBAB2D /* main.m in Sources */,
				18CE578D19AE2634005A93CA /* GuideViewController.m in Sources */,
				18D1874419AF8B5600210824 /* ShowChestModel.m in Sources */,
				18D1876219AF8B8B00210824 /* ASIDownloadCache.m in Sources */,
				18CE579119AE28CC005A93CA /* UserViewController.m in Sources */,
				6AAB7DDE19B01F7A00112ED2 /* UserInfoViewController.m in Sources */,
				18D1876419AF8B8B00210824 /* ASIHTTPRequest.m in Sources */,
				18CE577619AE2543005A93CA /* RecommendViewController.m in Sources */,
				18CE578919AE2589005A93CA /* FindViewController.m in Sources */,
				18D1876519AF8B8B00210824 /* ASIInputStream.m in Sources */,
			);
			runOnlyForDeploymentPostprocessing = 0;
		};
		18EDBEF119ADE6D200CBAB2D /* Sources */ = {
			isa = PBXSourcesBuildPhase;
			buildActionMask = 2147483647;
			files = (
				18EDBF0319ADE6D200CBAB2D /* CupupTests.m in Sources */,
			);
			runOnlyForDeploymentPostprocessing = 0;
		};
/* End PBXSourcesBuildPhase section */

/* Begin PBXTargetDependency section */
		18EDBEFB19ADE6D200CBAB2D /* PBXTargetDependency */ = {
			isa = PBXTargetDependency;
			target = 18EDBED919ADE6D200CBAB2D /* Cupup */;
			targetProxy = 18EDBEFA19ADE6D200CBAB2D /* PBXContainerItemProxy */;
		};
/* End PBXTargetDependency section */

/* Begin PBXVariantGroup section */
		18EDBEE619ADE6D200CBAB2D /* InfoPlist.strings */ = {
			isa = PBXVariantGroup;
			children = (
				18EDBEE719ADE6D200CBAB2D /* en */,
			);
			name = InfoPlist.strings;
			sourceTree = "<group>";
		};
		18EDBEFF19ADE6D200CBAB2D /* InfoPlist.strings */ = {
			isa = PBXVariantGroup;
			children = (
				18EDBF0019ADE6D200CBAB2D /* en */,
			);
			name = InfoPlist.strings;
			sourceTree = "<group>";
		};
/* End PBXVariantGroup section */

/* Begin XCBuildConfiguration section */
		18EDBF0419ADE6D200CBAB2D /* Debug */ = {
			isa = XCBuildConfiguration;
			buildSettings = {
				ALWAYS_SEARCH_USER_PATHS = NO;
				CLANG_CXX_LANGUAGE_STANDARD = "gnu++0x";
				CLANG_CXX_LIBRARY = "libc++";
				CLANG_ENABLE_MODULES = YES;
				CLANG_ENABLE_OBJC_ARC = YES;
				CLANG_WARN_BOOL_CONVERSION = YES;
				CLANG_WARN_CONSTANT_CONVERSION = YES;
				CLANG_WARN_DIRECT_OBJC_ISA_USAGE = YES_ERROR;
				CLANG_WARN_EMPTY_BODY = YES;
				CLANG_WARN_ENUM_CONVERSION = YES;
				CLANG_WARN_INT_CONVERSION = YES;
				CLANG_WARN_OBJC_ROOT_CLASS = YES_ERROR;
				CLANG_WARN__DUPLICATE_METHOD_MATCH = YES;
				"CODE_SIGN_IDENTITY[sdk=iphoneos*]" = "iPhone Developer";
				COPY_PHASE_STRIP = NO;
				GCC_C_LANGUAGE_STANDARD = gnu99;
				GCC_DYNAMIC_NO_PIC = NO;
				GCC_OPTIMIZATION_LEVEL = 0;
				GCC_PREPROCESSOR_DEFINITIONS = (
					"DEBUG=1",
					"$(inherited)",
				);
				GCC_SYMBOLS_PRIVATE_EXTERN = NO;
				GCC_WARN_64_TO_32_BIT_CONVERSION = YES;
				GCC_WARN_ABOUT_RETURN_TYPE = YES_ERROR;
				GCC_WARN_UNDECLARED_SELECTOR = YES;
				GCC_WARN_UNINITIALIZED_AUTOS = YES_AGGRESSIVE;
				GCC_WARN_UNUSED_FUNCTION = YES;
				GCC_WARN_UNUSED_VARIABLE = YES;
				IPHONEOS_DEPLOYMENT_TARGET = 7.1;
				ONLY_ACTIVE_ARCH = YES;
				SDKROOT = iphoneos;
			};
			name = Debug;
		};
		18EDBF0519ADE6D200CBAB2D /* Release */ = {
			isa = XCBuildConfiguration;
			buildSettings = {
				ALWAYS_SEARCH_USER_PATHS = NO;
				CLANG_CXX_LANGUAGE_STANDARD = "gnu++0x";
				CLANG_CXX_LIBRARY = "libc++";
				CLANG_ENABLE_MODULES = YES;
				CLANG_ENABLE_OBJC_ARC = YES;
				CLANG_WARN_BOOL_CONVERSION = YES;
				CLANG_WARN_CONSTANT_CONVERSION = YES;
				CLANG_WARN_DIRECT_OBJC_ISA_USAGE = YES_ERROR;
				CLANG_WARN_EMPTY_BODY = YES;
				CLANG_WARN_ENUM_CONVERSION = YES;
				CLANG_WARN_INT_CONVERSION = YES;
				CLANG_WARN_OBJC_ROOT_CLASS = YES_ERROR;
				CLANG_WARN__DUPLICATE_METHOD_MATCH = YES;
				"CODE_SIGN_IDENTITY[sdk=iphoneos*]" = "iPhone Developer";
				COPY_PHASE_STRIP = YES;
				ENABLE_NS_ASSERTIONS = NO;
				GCC_C_LANGUAGE_STANDARD = gnu99;
				GCC_WARN_64_TO_32_BIT_CONVERSION = YES;
				GCC_WARN_ABOUT_RETURN_TYPE = YES_ERROR;
				GCC_WARN_UNDECLARED_SELECTOR = YES;
				GCC_WARN_UNINITIALIZED_AUTOS = YES_AGGRESSIVE;
				GCC_WARN_UNUSED_FUNCTION = YES;
				GCC_WARN_UNUSED_VARIABLE = YES;
				IPHONEOS_DEPLOYMENT_TARGET = 7.1;
				SDKROOT = iphoneos;
				VALIDATE_PRODUCT = YES;
			};
			name = Release;
		};
		18EDBF0719ADE6D200CBAB2D /* Debug */ = {
			isa = XCBuildConfiguration;
			buildSettings = {
				ASSETCATALOG_COMPILER_APPICON_NAME = AppIcon;
				ASSETCATALOG_COMPILER_LAUNCHIMAGE_NAME = LaunchImage;
				GCC_PRECOMPILE_PREFIX_HEADER = YES;
				GCC_PREFIX_HEADER = "Cupup/Cupup-Prefix.pch";
				INFOPLIST_FILE = "Cupup/Cupup-Info.plist";
				PRODUCT_NAME = "$(TARGET_NAME)";
				WRAPPER_EXTENSION = app;
			};
			name = Debug;
		};
		18EDBF0819ADE6D200CBAB2D /* Release */ = {
			isa = XCBuildConfiguration;
			buildSettings = {
				ASSETCATALOG_COMPILER_APPICON_NAME = AppIcon;
				ASSETCATALOG_COMPILER_LAUNCHIMAGE_NAME = LaunchImage;
				GCC_PRECOMPILE_PREFIX_HEADER = YES;
				GCC_PREFIX_HEADER = "Cupup/Cupup-Prefix.pch";
				INFOPLIST_FILE = "Cupup/Cupup-Info.plist";
				PRODUCT_NAME = "$(TARGET_NAME)";
				WRAPPER_EXTENSION = app;
			};
			name = Release;
		};
		18EDBF0A19ADE6D200CBAB2D /* Debug */ = {
			isa = XCBuildConfiguration;
			buildSettings = {
				BUNDLE_LOADER = "$(BUILT_PRODUCTS_DIR)/Cupup.app/Cupup";
				FRAMEWORK_SEARCH_PATHS = (
					"$(SDKROOT)/Developer/Library/Frameworks",
					"$(inherited)",
					"$(DEVELOPER_FRAMEWORKS_DIR)",
				);
				GCC_PRECOMPILE_PREFIX_HEADER = YES;
				GCC_PREFIX_HEADER = "Cupup/Cupup-Prefix.pch";
				GCC_PREPROCESSOR_DEFINITIONS = (
					"DEBUG=1",
					"$(inherited)",
				);
				INFOPLIST_FILE = "CupupTests/CupupTests-Info.plist";
				PRODUCT_NAME = "$(TARGET_NAME)";
				TEST_HOST = "$(BUNDLE_LOADER)";
				WRAPPER_EXTENSION = xctest;
			};
			name = Debug;
		};
		18EDBF0B19ADE6D200CBAB2D /* Release */ = {
			isa = XCBuildConfiguration;
			buildSettings = {
				BUNDLE_LOADER = "$(BUILT_PRODUCTS_DIR)/Cupup.app/Cupup";
				FRAMEWORK_SEARCH_PATHS = (
					"$(SDKROOT)/Developer/Library/Frameworks",
					"$(inherited)",
					"$(DEVELOPER_FRAMEWORKS_DIR)",
				);
				GCC_PRECOMPILE_PREFIX_HEADER = YES;
				GCC_PREFIX_HEADER = "Cupup/Cupup-Prefix.pch";
				INFOPLIST_FILE = "CupupTests/CupupTests-Info.plist";
				PRODUCT_NAME = "$(TARGET_NAME)";
				TEST_HOST = "$(BUNDLE_LOADER)";
				WRAPPER_EXTENSION = xctest;
			};
			name = Release;
		};
/* End XCBuildConfiguration section */

/* Begin XCConfigurationList section */
		18EDBED519ADE6D200CBAB2D /* Build configuration list for PBXProject "Cupup" */ = {
			isa = XCConfigurationList;
			buildConfigurations = (
				18EDBF0419ADE6D200CBAB2D /* Debug */,
				18EDBF0519ADE6D200CBAB2D /* Release */,
			);
			defaultConfigurationIsVisible = 0;
			defaultConfigurationName = Release;
		};
		18EDBF0619ADE6D200CBAB2D /* Build configuration list for PBXNativeTarget "Cupup" */ = {
			isa = XCConfigurationList;
			buildConfigurations = (
				18EDBF0719ADE6D200CBAB2D /* Debug */,
				18EDBF0819ADE6D200CBAB2D /* Release */,
			);
			defaultConfigurationIsVisible = 0;
			defaultConfigurationName = Release;
		};
		18EDBF0919ADE6D200CBAB2D /* Build configuration list for PBXNativeTarget "CupupTests" */ = {
			isa = XCConfigurationList;
			buildConfigurations = (
				18EDBF0A19ADE6D200CBAB2D /* Debug */,
				18EDBF0B19ADE6D200CBAB2D /* Release */,
			);
			defaultConfigurationIsVisible = 0;
			defaultConfigurationName = Release;
		};
/* End XCConfigurationList section */
	};
	rootObject = 18EDBED219ADE6D200CBAB2D /* Project object */;
}
